
Microsoft Visual Studio Solution File, Format Version 12.00
# Visual Studio Version 16
VisualStudioVersion = 16.0.31515.178
MinimumVisualStudioVersion = 10.0.40219.1
Project("{FAE04EC0-301F-11D3-BF4B-00C04F79EFBC}") = "libshopsolution", "libshopsolution.csproj", "{49DEF194-30D2-408B-B6BD-55B525A70E98}"
EndProject
Global
	GlobalSection(SolutionConfigurationPlatforms) = preSolution
		Debug|Any CPU = Debug|Any CPU
		Release|Any CPU = Release|Any CPU
	EndGlobalSection
	GlobalSection(ProjectConfigurationPlatforms) = postSolution
		{49DEF194-30D2-408B-B6BD-55B525A70E98}.Debug|Any CPU.ActiveCfg = Debug|Any CPU
		{49DEF194-30D2-408B-B6BD-55B525A70E98}.Debug|Any CPU.Build.0 = Debug|Any CPU
		{49DEF194-30D2-408B-B6BD-55B525A70E98}.Release|Any CPU.ActiveCfg = Release|Any CPU
		{49DEF194-30D2-408B-B6BD-55B525A70E98}.Release|Any CPU.Build.0 = Release|Any CPU
	EndGlobalSection
	GlobalSection(SolutionProperties) = preSolution
		HideSolutionNode = FALSE
	EndGlobalSection
	GlobalSection(ExtensibilityGlobals) = postSolution
		SolutionGuid = {85766967-5BFF-493A-B290-5F6F317EEEE1}
	EndGlobalSection
EndGlobal
